
Microsoft Visual Studio Solution File, Format Version 12.00
# Visual Studio 15
VisualStudioVersion = 15.0.27004.2005
MinimumVisualStudioVersion = 10.0.40219.1
Project("{FAE04EC0-301F-11D3-BF4B-00C04F79EFBC}") = "ReceiveCallingApp", "ReceiveCallingApp\ReceiveCallingApp.csproj", "{044DBAB6-E621-4BEF-BB34-9A1B9E1C2A1D}"
EndProject
Global
	GlobalSection(SolutionConfigurationPlatforms) = preSolution
		Debug|Any CPU = Debug|Any CPU
		Release|Any CPU = Release|Any CPU
	EndGlobalSection
	GlobalSection(ProjectConfigurationPlatforms) = postSolution
		{044DBAB6-E621-4BEF-BB34-9A1B9E1C2A1D}.Debug|Any CPU.ActiveCfg = Debug|Any CPU
		{044DBAB6-E621-4BEF-BB34-9A1B9E1C2A1D}.Debug|Any CPU.Build.0 = Debug|Any CPU
		{044DBAB6-E621-4BEF-BB34-9A1B9E1C2A1D}.Release|Any CPU.ActiveCfg = Release|Any CPU
		{044DBAB6-E621-4BEF-BB34-9A1B9E1C2A1D}.Release|Any CPU.Build.0 = Release|Any CPU
	EndGlobalSection
	GlobalSection(SolutionProperties) = preSolution
		HideSolutionNode = FALSE
	EndGlobalSection
	GlobalSection(ExtensibilityGlobals) = postSolution
		SolutionGuid = {F01AD99C-EED8-44DD-BA09-B09D5467FCF2}
	EndGlobalSection
EndGlobal
